// !$*UTF8*$!
{
	archiveVersion = 1;
	classes = {
	};
	objectVersion = 46;
	objects = {

/* Begin PBXBuildFile section */
		CF9F63F51B8F431700993BA0 /* PlaySoundsViewController.swift in Sources */ = {isa = PBXBuildFile; fileRef = CF9F63F41B8F431700993BA0 /* PlaySoundsViewController.swift */; };
		CF9F63F71B8F46BC00993BA0 /* movie_quote.mp3 in Resources */ = {isa = PBXBuildFile; fileRef = CF9F63F61B8F46BC00993BA0 /* movie_quote.mp3 */; };
		CF9F63F91B94D54800993BA0 /* RecordedAudio.swift in Sources */ = {isa = PBXBuildFile; fileRef = CF9F63F81B94D54800993BA0 /* RecordedAudio.swift */; };
		CFFF35A01B8C16AA003B0A01 /* AppDelegate.swift in Sources */ = {isa = PBXBuildFile; fileRef = CFFF359F1B8C16AA003B0A01 /* AppDelegate.swift */; };
		CFFF35A21B8C16AA003B0A01 /* RecordSoundsViewController.swift in Sources */ = {isa = PBXBuildFile; fileRef = CFFF35A11B8C16AA003B0A01 /* RecordSoundsViewController.swift */; };
		CFFF35A51B8C16AA003B0A01 /* Main.storyboard in Resources */ = {isa = PBXBuildFile; fileRef = CFFF35A31B8C16AA003B0A01 /* Main.storyboard */; };
		CFFF35A71B8C16AA003B0A01 /* Images.xcassets in Resources */ = {isa = PBXBuildFile; fileRef = CFFF35A61B8C16AA003B0A01 /* Images.xcassets */; };
		CFFF35AA1B8C16AA003B0A01 /* LaunchScreen.xib in Resources */ = {isa = PBXBuildFile; fileRef = CFFF35A81B8C16AA003B0A01 /* LaunchScreen.xib */; };
		CFFF35B61B8C16AA003B0A01 /* PerfectPitchTests.swift in Sources */ = {isa = PBXBuildFile; fileRef = CFFF35B51B8C16AA003B0A01 /* PerfectPitchTests.swift */; };
/* End PBXBuildFile section */

/* Begin PBXContainerItemProxy section */
		CFFF35B01B8C16AA003B0A01 /* PBXContainerItemProxy */ = {
			isa = PBXContainerItemProxy;
			containerPortal = CFFF35921B8C16AA003B0A01 /* Project object */;
			proxyType = 1;
			remoteGlobalIDString = CFFF35991B8C16AA003B0A01;
			remoteInfo = PerfectPitch;
		};
/* End PBXContainerItemProxy section */

/* Begin PBXFileReference section */
		CF9F63F41B8F431700993BA0 /* PlaySoundsViewController.swift */ = {isa = PBXFileReference; fileEncoding = 4; lastKnownFileType = sourcecode.swift; path = PlaySoundsViewController.swift; sourceTree = "<group>"; };
		CF9F63F61B8F46BC00993BA0 /* movie_quote.mp3 */ = {isa = PBXFileReference; lastKnownFileType = audio.mp3; path = movie_quote.mp3; sourceTree = "<group>"; };
		CF9F63F81B94D54800993BA0 /* RecordedAudio.swift */ = {isa = PBXFileReference; fileEncoding = 4; lastKnownFileType = sourcecode.swift; path = RecordedAudio.swift; sourceTree = "<group>"; };
		CFFF359A1B8C16AA003B0A01 /* PerfectPitch.app */ = {isa = PBXFileReference; explicitFileType = wrapper.application; includeInIndex = 0; path = PerfectPitch.app; sourceTree = BUILT_PRODUCTS_DIR; };
		CFFF359E1B8C16AA003B0A01 /* Info.plist */ = {isa = PBXFileReference; lastKnownFileType = text.plist.xml; path = Info.plist; sourceTree = "<group>"; };
		CFFF359F1B8C16AA003B0A01 /* AppDelegate.swift */ = {isa = PBXFileReference; lastKnownFileType = sourcecode.swift; path = AppDelegate.swift; sourceTree = "<group>"; };
		CFFF35A11B8C16AA003B0A01 /* RecordSoundsViewController.swift */ = {isa = PBXFileReference; lastKnownFileType = sourcecode.swift; path = RecordSoundsViewController.swift; sourceTree = "<group>"; };
		CFFF35A41B8C16AA003B0A01 /* Base */ = {isa = PBXFileReference; lastKnownFileType = file.storyboard; name = Base; path = Base.lproj/Main.storyboard; sourceTree = "<group>"; };
		CFFF35A61B8C16AA003B0A01 /* Images.xcassets */ = {isa = PBXFileReference; lastKnownFileType = folder.assetcatalog; path = Images.xcassets; sourceTree = "<group>"; };
		CFFF35A91B8C16AA003B0A01 /* Base */ = {isa = PBXFileReference; lastKnownFileType = file.xib; name = Base; path = Base.lproj/LaunchScreen.xib; sourceTree = "<group>"; };
		CFFF35AF1B8C16AA003B0A01 /* PerfectPitchTests.xctest */ = {isa = PBXFileReference; explicitFileType = wrapper.cfbundle; includeInIndex = 0; path = PerfectPitchTests.xctest; sourceTree = BUILT_PRODUCTS_DIR; };
		CFFF35B41B8C16AA003B0A01 /* Info.plist */ = {isa = PBXFileReference; lastKnownFileType = text.plist.xml; path = Info.plist; sourceTree = "<group>"; };
		CFFF35B51B8C16AA003B0A01 /* PerfectPitchTests.swift */ = {isa = PBXFileReference; lastKnownFileType = sourcecode.swift; path = PerfectPitchTests.swift; sourceTree = "<group>"; };
/* End PBXFileReference section */

/* Begin PBXFrameworksBuildPhase section */
		CFFF35971B8C16AA003B0A01 /* Frameworks */ = {
			isa = PBXFrameworksBuildPhase;
			buildActionMask = 2147483647;
			files = (
			);
			runOnlyForDeploymentPostprocessing = 0;
		};
		CFFF35AC1B8C16AA003B0A01 /* Frameworks */ = {
			isa = PBXFrameworksBuildPhase;
			buildActionMask = 2147483647;
			files = (
			);
			runOnlyForDeploymentPostprocessing = 0;
		};
/* End PBXFrameworksBuildPhase section */

/* Begin PBXGroup section */
		CFFF35911B8C16AA003B0A01 = {
			isa = PBXGroup;
			children = (
				CFFF359C1B8C16AA003B0A01 /* PerfectPitch */,
				CFFF35B21B8C16AA003B0A01 /* PerfectPitchTests */,
				CFFF359B1B8C16AA003B0A01 /* Products */,
			);
			sourceTree = "<group>";
		};
		CFFF359B1B8C16AA003B0A01 /* Products */ = {
			isa = PBXGroup;
			children = (
				CFFF359A1B8C16AA003B0A01 /* PerfectPitch.app */,
				CFFF35AF1B8C16AA003B0A01 /* PerfectPitchTests.xctest */,
			);
			name = Products;
			sourceTree = "<group>";
		};
		CFFF359C1B8C16AA003B0A01 /* PerfectPitch */ = {
			isa = PBXGroup;
			children = (
				CF9F63F41B8F431700993BA0 /* PlaySoundsViewController.swift */,
				CF9F63F61B8F46BC00993BA0 /* movie_quote.mp3 */,
				CFFF359F1B8C16AA003B0A01 /* AppDelegate.swift */,
				CFFF35A11B8C16AA003B0A01 /* RecordSoundsViewController.swift */,
				CFFF35A31B8C16AA003B0A01 /* Main.storyboard */,
				CFFF35A61B8C16AA003B0A01 /* Images.xcassets */,
				CFFF35A81B8C16AA003B0A01 /* LaunchScreen.xib */,
				CFFF359D1B8C16AA003B0A01 /* Supporting Files */,
				CF9F63F81B94D54800993BA0 /* RecordedAudio.swift */,
			);
			path = PerfectPitch;
			sourceTree = "<group>";
		};
		CFFF359D1B8C16AA003B0A01 /* Supporting Files */ = {
			isa = PBXGroup;
			children = (
				CFFF359E1B8C16AA003B0A01 /* Info.plist */,
			);
			name = "Supporting Files";
			sourceTree = "<group>";
		};
		CFFF35B21B8C16AA003B0A01 /* PerfectPitchTests */ = {
			isa = PBXGroup;
			children = (
				CFFF35B51B8C16AA003B0A01 /* PerfectPitchTests.swift */,
				CFFF35B31B8C16AA003B0A01 /* Supporting Files */,
			);
			path = PerfectPitchTests;
			sourceTree = "<group>";
		};
		CFFF35B31B8C16AA003B0A01 /* Supporting Files */ = {
			isa = PBXGroup;
			children = (
				CFFF35B41B8C16AA003B0A01 /* Info.plist */,
			);
			name = "Supporting Files";
			sourceTree = "<group>";
		};
/* End PBXGroup section */

/* Begin PBXNativeTarget section */
		CFFF35991B8C16AA003B0A01 /* PerfectPitch */ = {
			isa = PBXNativeTarget;
			buildConfigurationList = CFFF35B91B8C16AA003B0A01 /* Build configuration list for PBXNativeTarget "PerfectPitch" */;
			buildPhases = (
				CFFF35961B8C16AA003B0A01 /* Sources */,
				CFFF35971B8C16AA003B0A01 /* Frameworks */,
				CFFF35981B8C16AA003B0A01 /* Resources */,
			);
			buildRules = (
			);
			dependencies = (
			);
			name = PerfectPitch;
			productName = PerfectPitch;
			productReference = CFFF359A1B8C16AA003B0A01 /* PerfectPitch.app */;
			productType = "com.apple.product-type.application";
		};
		CFFF35AE1B8C16AA003B0A01 /* PerfectPitchTests */ = {
			isa = PBXNativeTarget;
			buildConfigurationList = CFFF35BC1B8C16AA003B0A01 /* Build configuration list for PBXNativeTarget "PerfectPitchTests" */;
			buildPhases = (
				CFFF35AB1B8C16AA003B0A01 /* Sources */,
				CFFF35AC1B8C16AA003B0A01 /* Frameworks */,
				CFFF35AD1B8C16AA003B0A01 /* Resources */,
			);
			buildRules = (
			);
			dependencies = (
				CFFF35B11B8C16AA003B0A01 /* PBXTargetDependency */,
			);
			name = PerfectPitchTests;
			productName = PerfectPitchTests;
			productReference = CFFF35AF1B8C16AA003B0A01 /* PerfectPitchTests.xctest */;
			productType = "com.apple.product-type.bundle.unit-test";
		};
/* End PBXNativeTarget section */

/* Begin PBXProject section */
		CFFF35921B8C16AA003B0A01 /* Project object */ = {
			isa = PBXProject;
			attributes = {
				LastUpgradeCheck = 0640;
				ORGANIZATIONNAME = "Jeremiah Espinosa";
				TargetAttributes = {
					CFFF35991B8C16AA003B0A01 = {
						CreatedOnToolsVersion = 6.4;
					};
					CFFF35AE1B8C16AA003B0A01 = {
						CreatedOnToolsVersion = 6.4;
						TestTargetID = CFFF35991B8C16AA003B0A01;
					};
				};
			};
			buildConfigurationList = CFFF35951B8C16AA003B0A01 /* Build configuration list for PBXProject "PerfectPitch" */;
			compatibilityVersion = "Xcode 3.2";
			developmentRegion = English;
			hasScannedForEncodings = 0;
			knownRegions = (
				en,
				Base,
			);
			mainGroup = CFFF35911B8C16AA003B0A01;
			productRefGroup = CFFF359B1B8C16AA003B0A01 /* Products */;
			projectDirPath = "";
			projectRoot = "";
			targets = (
				CFFF35991B8C16AA003B0A01 /* PerfectPitch */,
				CFFF35AE1B8C16AA003B0A01 /* PerfectPitchTests */,
			);
		};
/* End PBXProject section */

/* Begin PBXResourcesBuildPhase section */
		CFFF35981B8C16AA003B0A01 /* Resources */ = {
			isa = PBXResourcesBuildPhase;
			buildActionMask = 2147483647;
			files = (
				CFFF35A51B8C16AA003B0A01 /* Main.storyboard in Resources */,
				CFFF35AA1B8C16AA003B0A01 /* LaunchScreen.xib in Resources */,
				CF9F63F71B8F46BC00993BA0 /* movie_quote.mp3 in Resources */,
				CFFF35A71B8C16AA003B0A01 /* Images.xcassets in Resources */,
			);
			runOnlyForDeploymentPostprocessing = 0;
		};
		CFFF35AD1B8C16AA003B0A01 /* Resources */ = {
			isa = PBXResourcesBuildPhase;
			buildActionMask = 2147483647;
			files = (
			);
			runOnlyForDeploymentPostprocessing = 0;
		};
/* End PBXResourcesBuildPhase section */

/* Begin PBXSourcesBuildPhase section */
		CFFF35961B8C16AA003B0A01 /* Sources */ = {
			isa = PBXSourcesBuildPhase;
			buildActionMask = 2147483647;
			files = (
				CF9F63F91B94D54800993BA0 /* RecordedAudio.swift in Sources */,
				CFFF35A21B8C16AA003B0A01 /* RecordSoundsViewController.swift in Sources */,
				CF9F63F51B8F431700993BA0 /* PlaySoundsViewController.swift in Sources */,
				CFFF35A01B8C16AA003B0A01 /* AppDelegate.swift in Sources */,
			);
			runOnlyForDeploymentPostprocessing = 0;
		};
		CFFF35AB1B8C16AA003B0A01 /* Sources */ = {
			isa = PBXSourcesBuildPhase;
			buildActionMask = 2147483647;
			files = (
				CFFF35B61B8C16AA003B0A01 /* PerfectPitchTests.swift in Sources */,
			);
			runOnlyForDeploymentPostprocessing = 0;
		};
/* End PBXSourcesBuildPhase section */

/* Begin PBXTargetDependency section */
		CFFF35B11B8C16AA003B0A01 /* PBXTargetDependency */ = {
			isa = PBXTargetDependency;
			target = CFFF35991B8C16AA003B0A01 /* PerfectPitch */;
			targetProxy = CFFF35B01B8C16AA003B0A01 /* PBXContainerItemProxy */;
		};
/* End PBXTargetDependency section */

/* Begin PBXVariantGroup section */
		CFFF35A31B8C16AA003B0A01 /* Main.storyboard */ = {
			isa = PBXVariantGroup;
			children = (
				CFFF35A41B8C16AA003B0A01 /* Base */,
			);
			name = Main.storyboard;
			sourceTree = "<group>";
		};
		CFFF35A81B8C16AA003B0A01 /* LaunchScreen.xib */ = {
			isa = PBXVariantGroup;
			children = (
				CFFF35A91B8C16AA003B0A01 /* Base */,
			);
			name = LaunchScreen.xib;
			sourceTree = "<group>";
		};
/* End PBXVariantGroup section */

/* Begin XCBuildConfiguration section */
		CFFF35B71B8C16AA003B0A01 /* Debug */ = {
			isa = XCBuildConfiguration;
			buildSettings = {
				ALWAYS_SEARCH_USER_PATHS = NO;
				CLANG_CXX_LANGUAGE_STANDARD = "gnu++0x";
				CLANG_CXX_LIBRARY = "libc++";
				CLANG_ENABLE_MODULES = YES;
				CLANG_ENABLE_OBJC_ARC = YES;
				CLANG_WARN_BOOL_CONVERSION = YES;
				CLANG_WARN_CONSTANT_CONVERSION = YES;
				CLANG_WARN_DIRECT_OBJC_ISA_USAGE = YES_ERROR;
				CLANG_WARN_EMPTY_BODY = YES;
				CLANG_WARN_ENUM_CONVERSION = YES;
				CLANG_WARN_INT_CONVERSION = YES;
				CLANG_WARN_OBJC_ROOT_CLASS = YES_ERROR;
				CLANG_WARN_UNREACHABLE_CODE = YES;
				CLANG_WARN__DUPLICATE_METHOD_MATCH = YES;
				"CODE_SIGN_IDENTITY[sdk=iphoneos*]" = "iPhone Developer";
				COPY_PHASE_STRIP = NO;
				DEBUG_INFORMATION_FORMAT = "dwarf-with-dsym";
				ENABLE_STRICT_OBJC_MSGSEND = YES;
				GCC_C_LANGUAGE_STANDARD = gnu99;
				GCC_DYNAMIC_NO_PIC = NO;
				GCC_NO_COMMON_BLOCKS = YES;
				GCC_OPTIMIZATION_LEVEL = 0;
				GCC_PREPROCESSOR_DEFINITIONS = (
					"DEBUG=1",
					"$(inherited)",
				);
				GCC_SYMBOLS_PRIVATE_EXTERN = NO;
				GCC_WARN_64_TO_32_BIT_CONVERSION = YES;
				GCC_WARN_ABOUT_RETURN_TYPE = YES_ERROR;
				GCC_WARN_UNDECLARED_SELECTOR = YES;
				GCC_WARN_UNINITIALIZED_AUTOS = YES_AGGRESSIVE;
				GCC_WARN_UNUSED_FUNCTION = YES;
				GCC_WARN_UNUSED_VARIABLE = YES;
				IPHONEOS_DEPLOYMENT_TARGET = 8.4;
				MTL_ENABLE_DEBUG_INFO = YES;
				ONLY_ACTIVE_ARCH = YES;
				SDKROOT = iphoneos;
				SWIFT_OPTIMIZATION_LEVEL = "-Onone";
			};
			name = Debug;
		};
		CFFF35B81B8C16AA003B0A01 /* Release */ = {
			isa = XCBuildConfiguration;
			buildSettings = {
				ALWAYS_SEARCH_USER_PATHS = NO;
				CLANG_CXX_LANGUAGE_STANDARD = "gnu++0x";
				CLANG_CXX_LIBRARY = "libc++";
				CLANG_ENABLE_MODULES = YES;
				CLANG_ENABLE_OBJC_ARC = YES;
				CLANG_WARN_BOOL_CONVERSION = YES;
				CLANG_WARN_CONSTANT_CONVERSION = YES;
				CLANG_WARN_DIRECT_OBJC_ISA_USAGE = YES_ERROR;
				CLANG_WARN_EMPTY_BODY = YES;
				CLANG_WARN_ENUM_CONVERSION = YES;
				CLANG_WARN_INT_CONVERSION = YES;
				CLANG_WARN_OBJC_ROOT_CLASS = YES_ERROR;
				CLANG_WARN_UNREACHABLE_CODE = YES;
				CLANG_WARN__DUPLICATE_METHOD_MATCH = YES;
				"CODE_SIGN_IDENTITY[sdk=iphoneos*]" = "iPhone Developer";
				COPY_PHASE_STRIP = NO;
				DEBUG_INFORMATION_FORMAT = "dwarf-with-dsym";
				ENABLE_NS_ASSERTIONS = NO;
				ENABLE_STRICT_OBJC_MSGSEND = YES;
				GCC_C_LANGUAGE_STANDARD = gnu99;
				GCC_NO_COMMON_BLOCKS = YES;
				GCC_WARN_64_TO_32_BIT_CONVERSION = YES;
				GCC_WARN_ABOUT_RETURN_TYPE = YES_ERROR;
				GCC_WARN_UNDECLARED_SELECTOR = YES;
				GCC_WARN_UNINITIALIZED_AUTOS = YES_AGGRESSIVE;
				GCC_WARN_UNUSED_FUNCTION = YES;
				GCC_WARN_UNUSED_VARIABLE = YES;
				IPHONEOS_DEPLOYMENT_TARGET = 8.4;
				MTL_ENABLE_DEBUG_INFO = NO;
				SDKROOT = iphoneos;
				VALIDATE_PRODUCT = YES;
			};
			name = Release;
		};
		CFFF35BA1B8C16AA003B0A01 /* Debug */ = {
			isa = XCBuildConfiguration;
			buildSettings = {
				ASSETCATALOG_COMPILER_APPICON_NAME = AppIcon;
				INFOPLIST_FILE = PerfectPitch/Info.plist;
				LD_RUNPATH_SEARCH_PATHS = "$(inherited) @executable_path/Frameworks";
				PRODUCT_NAME = "$(TARGET_NAME)";
			};
			name = Debug;
		};
		CFFF35BB1B8C16AA003B0A01 /* Release */ = {
			isa = XCBuildConfiguration;
			buildSettings = {
				ASSETCATALOG_COMPILER_APPICON_NAME = AppIcon;
				INFOPLIST_FILE = PerfectPitch/Info.plist;
				LD_RUNPATH_SEARCH_PATHS = "$(inherited) @executable_path/Frameworks";
				PRODUCT_NAME = "$(TARGET_NAME)";
			};
			name = Release;
		};
		CFFF35BD1B8C16AA003B0A01 /* Debug */ = {
			isa = XCBuildConfiguration;
			buildSettings = {
				BUNDLE_LOADER = "$(TEST_HOST)";
				FRAMEWORK_SEARCH_PATHS = (
					"$(SDKROOT)/Developer/Library/Frameworks",
					"$(inherited)",
				);
				GCC_PREPROCESSOR_DEFINITIONS = (
					"DEBUG=1",
					"$(inherited)",
				);
				INFOPLIST_FILE = PerfectPitchTests/Info.plist;
				LD_RUNPATH_SEARCH_PATHS = "$(inherited) @executable_path/Frameworks @loader_path/Frameworks";
				PRODUCT_NAME = "$(TARGET_NAME)";
				TEST_HOST = "$(BUILT_PRODUCTS_DIR)/PerfectPitch.app/PerfectPitch";
			};
			name = Debug;
		};
		CFFF35BE1B8C16AA003B0A01 /* Release */ = {
			isa = XCBuildConfiguration;
			buildSettings = {
				BUNDLE_LOADER = "$(TEST_HOST)";
				FRAMEWORK_SEARCH_PATHS = (
					"$(SDKROOT)/Developer/Library/Frameworks",
					"$(inherited)",
				);
				INFOPLIST_FILE = PerfectPitchTests/Info.plist;
				LD_RUNPATH_SEARCH_PATHS = "$(inherited) @executable_path/Frameworks @loader_path/Frameworks";
				PRODUCT_NAME = "$(TARGET_NAME)";
				TEST_HOST = "$(BUILT_PRODUCTS_DIR)/PerfectPitch.app/PerfectPitch";
			};
			name = Release;
		};
/* End XCBuildConfiguration section */

/* Begin XCConfigurationList section */
		CFFF35951B8C16AA003B0A01 /* Build configuration list for PBXProject "PerfectPitch" */ = {
			isa = XCConfigurationList;
			buildConfigurations = (
				CFFF35B71B8C16AA003B0A01 /* Debug */,
				CFFF35B81B8C16AA003B0A01 /* Release */,
			);
			defaultConfigurationIsVisible = 0;
			defaultConfigurationName = Release;
		};
		CFFF35B91B8C16AA003B0A01 /* Build configuration list for PBXNativeTarget "PerfectPitch" */ = {
			isa = XCConfigurationList;
			buildConfigurations = (
				CFFF35BA1B8C16AA003B0A01 /* Debug */,
				CFFF35BB1B8C16AA003B0A01 /* Release */,
			);
			defaultConfigurationIsVisible = 0;
			defaultConfigurationName = Release;
		};
		CFFF35BC1B8C16AA003B0A01 /* Build configuration list for PBXNativeTarget "PerfectPitchTests" */ = {
			isa = XCConfigurationList;
			buildConfigurations = (
				CFFF35BD1B8C16AA003B0A01 /* Debug */,
				CFFF35BE1B8C16AA003B0A01 /* Release */,
			);
			defaultConfigurationIsVisible = 0;
			defaultConfigurationName = Release;
		};
/* End XCConfigurationList section */
	};
	rootObject = CFFF35921B8C16AA003B0A01 /* Project object */;
}
